
Microsoft Visual Studio Solution File, Format Version 12.00
# Visual Studio Version 17
VisualStudioVersion = 17.11.35312.102
MinimumVisualStudioVersion = 10.0.40219.1
Project("{FAE04EC0-301F-11D3-BF4B-00C04F79EFBC}") = "UDQLTC3", "UDQLTC3.csproj", "{D0FE82DF-1343-4607-BD57-AECE8430FCF2}"
EndProject
Project("{FAE04EC0-301F-11D3-BF4B-00C04F79EFBC}") = "UDQLTC1", "..\UDQLTC.BUS\UDQLTC1.csproj", "{B018F8D6-6B97-4C11-AE68-028658A80F97}"
EndProject
Project("{FAE04EC0-301F-11D3-BF4B-00C04F79EFBC}") = "UDQLTC2", "..\UDQLTC.DAL\UDQLTC2.csproj", "{504F1BA2-C7B4-432A-8233-6A9575B42C07}"
EndProject
Global
	GlobalSection(SolutionConfigurationPlatforms) = preSolution
		Debug|Any CPU = Debug|Any CPU
		Release|Any CPU = Release|Any CPU
	EndGlobalSection
	GlobalSection(ProjectConfigurationPlatforms) = postSolution
		{D0FE82DF-1343-4607-BD57-AECE8430FCF2}.Debug|Any CPU.ActiveCfg = Debug|Any CPU
		{D0FE82DF-1343-4607-BD57-AECE8430FCF2}.Debug|Any CPU.Build.0 = Debug|Any CPU
		{D0FE82DF-1343-4607-BD57-AECE8430FCF2}.Release|Any CPU.ActiveCfg = Release|Any CPU
		{D0FE82DF-1343-4607-BD57-AECE8430FCF2}.Release|Any CPU.Build.0 = Release|Any CPU
		{B018F8D6-6B97-4C11-AE68-028658A80F97}.Debug|Any CPU.ActiveCfg = Debug|Any CPU
		{B018F8D6-6B97-4C11-AE68-028658A80F97}.Debug|Any CPU.Build.0 = Debug|Any CPU
		{B018F8D6-6B97-4C11-AE68-028658A80F97}.Release|Any CPU.ActiveCfg = Release|Any CPU
		{B018F8D6-6B97-4C11-AE68-028658A80F97}.Release|Any CPU.Build.0 = Release|Any CPU
		{504F1BA2-C7B4-432A-8233-6A9575B42C07}.Debug|Any CPU.ActiveCfg = Debug|Any CPU
		{504F1BA2-C7B4-432A-8233-6A9575B42C07}.Debug|Any CPU.Build.0 = Debug|Any CPU
		{504F1BA2-C7B4-432A-8233-6A9575B42C07}.Release|Any CPU.ActiveCfg = Release|Any CPU
		{504F1BA2-C7B4-432A-8233-6A9575B42C07}.Release|Any CPU.Build.0 = Release|Any CPU
	EndGlobalSection
	GlobalSection(SolutionProperties) = preSolution
		HideSolutionNode = FALSE
	EndGlobalSection
	GlobalSection(ExtensibilityGlobals) = postSolution
		SolutionGuid = {E9D7F2FA-5AE1-46B2-9135-AF562302219F}
	EndGlobalSection
EndGlobal
